<?xml version="1.0" encoding="UTF-8" standalone="yes" ?>
<CodeBlocks_project_file>
	<FileVersion major="1" minor="6" />
	<Project>
		<Option title="Proyecto1" />
		<Option pch_mode="2" />
		<Option compiler="gcc" />
		<Build>
			<Target title="Debug">
				<Option output="bin/Debug/Proyecto1" prefix_auto="1" extension_auto="1" />
				<Option object_output="obj/Debug/" />
				<Option type="1" />
				<Option compiler="gcc" />
				<Compiler>
					<Add option="-g" />
					<Add directory="./" />
				</Compiler>
			</Target>
			<Target title="Release">
				<Option output="bin/Release/Proyecto1" prefix_auto="1" extension_auto="1" />
				<Option object_output="obj/Release/" />
				<Option type="1" />
				<Option compiler="gcc" />
				<Compiler>
					<Add option="-O2" />
					<Add directory="./" />
				</Compiler>
				<Linker>
					<Add option="-s" />
				</Linker>
			</Target>
		</Build>
		<Compiler>
			<Add option="-Wall" />
		</Compiler>
		<Unit filename="estructuras.cpp" />
		<Unit filename="estructuras.h" />
		<Unit filename="fdisk.cpp" />
		<Unit filename="fdisk.h" />
		<Unit filename="main.cpp" />
		<Unit filename="mkdisk.cpp" />
		<Unit filename="mkdisk.h" />
		<Unit filename="mount.cpp" />
		<Unit filename="mount.h" />
		<Unit filename="rmdisk.cpp" />
		<Unit filename="rmdisk.h" />
		<Unit filename="unmount.cpp" />
		<Unit filename="unmount.h" />
		<Extensions />
	</Project>
</CodeBlocks_project_file>
